
Microsoft Visual Studio Solution File, Format Version 12.00
# Visual Studio Version 17
VisualStudioVersion = 17.5.002.0
MinimumVisualStudioVersion = 10.0.40219.1
Project("{9A19103F-16F7-4668-BE54-9A1E7A4F7556}") = "atividaed_imc_mstest", "atividaed_imc_mstest\atividaed_imc_mstest.csproj", "{D5172997-C431-43F9-BCA7-6E8EC6D7F592}"
EndProject
Global
	GlobalSection(SolutionConfigurationPlatforms) = preSolution
		Debug|Any CPU = Debug|Any CPU
		Release|Any CPU = Release|Any CPU
	EndGlobalSection
	GlobalSection(ProjectConfigurationPlatforms) = postSolution
		{D5172997-C431-43F9-BCA7-6E8EC6D7F592}.Debug|Any CPU.ActiveCfg = Debug|Any CPU
		{D5172997-C431-43F9-BCA7-6E8EC6D7F592}.Debug|Any CPU.Build.0 = Debug|Any CPU
		{D5172997-C431-43F9-BCA7-6E8EC6D7F592}.Release|Any CPU.ActiveCfg = Release|Any CPU
		{D5172997-C431-43F9-BCA7-6E8EC6D7F592}.Release|Any CPU.Build.0 = Release|Any CPU
	EndGlobalSection
	GlobalSection(SolutionProperties) = preSolution
		HideSolutionNode = FALSE
	EndGlobalSection
	GlobalSection(ExtensibilityGlobals) = postSolution
		SolutionGuid = {CFB1DF2E-0470-4295-B81F-A527DC7A8A51}
	EndGlobalSection
EndGlobal
